
Microsoft Visual Studio Solution File, Format Version 12.00
# Visual Studio Version 17
VisualStudioVersion = 17.7.34221.43
MinimumVisualStudioVersion = 10.0.40219.1
Project("{FAE04EC0-301F-11D3-BF4B-00C04F79EFBC}") = "LSystemsDemo", "LSystemsDemo.csproj", "{CC97309E-5D52-4C1D-BBD4-F3348E081D2B}"
EndProject
Global
	GlobalSection(SolutionConfigurationPlatforms) = preSolution
		Debug|Any CPU = Debug|Any CPU
		Release|Any CPU = Release|Any CPU
	EndGlobalSection
	GlobalSection(ProjectConfigurationPlatforms) = postSolution
		{CC97309E-5D52-4C1D-BBD4-F3348E081D2B}.Debug|Any CPU.ActiveCfg = Debug|Any CPU
		{CC97309E-5D52-4C1D-BBD4-F3348E081D2B}.Debug|Any CPU.Build.0 = Debug|Any CPU
		{CC97309E-5D52-4C1D-BBD4-F3348E081D2B}.Release|Any CPU.ActiveCfg = Release|Any CPU
		{CC97309E-5D52-4C1D-BBD4-F3348E081D2B}.Release|Any CPU.Build.0 = Release|Any CPU
	EndGlobalSection
	GlobalSection(SolutionProperties) = preSolution
		HideSolutionNode = FALSE
	EndGlobalSection
	GlobalSection(ExtensibilityGlobals) = postSolution
		SolutionGuid = {E76BCCD2-8F0B-4EC3-9A4C-E29F860C1879}
	EndGlobalSection
EndGlobal
